
Microsoft Visual Studio Solution File, Format Version 12.00
# Visual Studio Version 17
VisualStudioVersion = 17.3.32929.385
MinimumVisualStudioVersion = 10.0.40219.1
Project("{FAE04EC0-301F-11D3-BF4B-00C04F79EFBC}") = "MsCommun", "MsCommun\MsCommun.csproj", "{A9DC339B-9225-4CF1-A868-61507B8AF0AF}"
EndProject
Project("{FAE04EC0-301F-11D3-BF4B-00C04F79EFBC}") = "MsCommun.Tests", "MsCommun.Tests\MsCommun.Tests.csproj", "{36B4B812-0EF9-43F8-9934-73E3A03CE65D}"
EndProject
Global
	GlobalSection(SolutionConfigurationPlatforms) = preSolution
		Debug|Any CPU = Debug|Any CPU
		Release|Any CPU = Release|Any CPU
	EndGlobalSection
	GlobalSection(ProjectConfigurationPlatforms) = postSolution
		{A9DC339B-9225-4CF1-A868-61507B8AF0AF}.Debug|Any CPU.ActiveCfg = Debug|Any CPU
		{A9DC339B-9225-4CF1-A868-61507B8AF0AF}.Debug|Any CPU.Build.0 = Debug|Any CPU
		{A9DC339B-9225-4CF1-A868-61507B8AF0AF}.Release|Any CPU.ActiveCfg = Release|Any CPU
		{A9DC339B-9225-4CF1-A868-61507B8AF0AF}.Release|Any CPU.Build.0 = Release|Any CPU
		{36B4B812-0EF9-43F8-9934-73E3A03CE65D}.Debug|Any CPU.ActiveCfg = Debug|Any CPU
		{36B4B812-0EF9-43F8-9934-73E3A03CE65D}.Debug|Any CPU.Build.0 = Debug|Any CPU
		{36B4B812-0EF9-43F8-9934-73E3A03CE65D}.Release|Any CPU.ActiveCfg = Release|Any CPU
		{36B4B812-0EF9-43F8-9934-73E3A03CE65D}.Release|Any CPU.Build.0 = Release|Any CPU
	EndGlobalSection
	GlobalSection(SolutionProperties) = preSolution
		HideSolutionNode = FALSE
	EndGlobalSection
	GlobalSection(ExtensibilityGlobals) = postSolution
		SolutionGuid = {2A83A584-3593-4766-9528-18647414F2F4}
	EndGlobalSection
EndGlobal
